// !$*UTF8*$!
{
	archiveVersion = 1;
	classes = {
	};
	objectVersion = 55;
	objects = {

/* Begin PBXBuildFile section */
		04D23DD527D54A100019B13C /* AppDelegate.swift in Sources */ = {isa = PBXBuildFile; fileRef = 04D23DD427D54A100019B13C /* AppDelegate.swift */; };
		04D23DD727D54A100019B13C /* SceneDelegate.swift in Sources */ = {isa = PBXBuildFile; fileRef = 04D23DD627D54A100019B13C /* SceneDelegate.swift */; };
		04D23DD927D54A100019B13C /* ViewController.swift in Sources */ = {isa = PBXBuildFile; fileRef = 04D23DD827D54A100019B13C /* ViewController.swift */; };
		04D23DDC27D54A100019B13C /* Main.storyboard in Resources */ = {isa = PBXBuildFile; fileRef = 04D23DDA27D54A100019B13C /* Main.storyboard */; };
		04D23DDE27D54A110019B13C /* Assets.xcassets in Resources */ = {isa = PBXBuildFile; fileRef = 04D23DDD27D54A110019B13C /* Assets.xcassets */; };
		04D23DE127D54A110019B13C /* LaunchScreen.storyboard in Resources */ = {isa = PBXBuildFile; fileRef = 04D23DDF27D54A110019B13C /* LaunchScreen.storyboard */; };
		04D23DEC27D54A120019B13C /* Quotes_MakerTests.swift in Sources */ = {isa = PBXBuildFile; fileRef = 04D23DEB27D54A120019B13C /* Quotes_MakerTests.swift */; };
		04D23DF627D54A120019B13C /* Quotes_MakerUITests.swift in Sources */ = {isa = PBXBuildFile; fileRef = 04D23DF527D54A120019B13C /* Quotes_MakerUITests.swift */; };
		04D23DF827D54A120019B13C /* Quotes_MakerUITestsLaunchTests.swift in Sources */ = {isa = PBXBuildFile; fileRef = 04D23DF727D54A120019B13C /* Quotes_MakerUITestsLaunchTests.swift */; };
		04D23E0527D9F7300019B13C /* Quotes.swift in Sources */ = {isa = PBXBuildFile; fileRef = 04D23E0427D9F7300019B13C /* Quotes.swift */; };
/* End PBXBuildFile section */

/* Begin PBXContainerItemProxy section */
		04D23DE827D54A120019B13C /* PBXContainerItemProxy */ = {
			isa = PBXContainerItemProxy;
			containerPortal = 04D23DC927D54A100019B13C /* Project object */;
			proxyType = 1;
			remoteGlobalIDString = 04D23DD027D54A100019B13C;
			remoteInfo = "Quotes-Maker";
		};
		04D23DF227D54A120019B13C /* PBXContainerItemProxy */ = {
			isa = PBXContainerItemProxy;
			containerPortal = 04D23DC927D54A100019B13C /* Project object */;
			proxyType = 1;
			remoteGlobalIDString = 04D23DD027D54A100019B13C;
			remoteInfo = "Quotes-Maker";
		};
/* End PBXContainerItemProxy section */

/* Begin PBXFileReference section */
		04D23DD127D54A100019B13C /* Quotes-Maker.app */ = {isa = PBXFileReference; explicitFileType = wrapper.application; includeInIndex = 0; path = "Quotes-Maker.app"; sourceTree = BUILT_PRODUCTS_DIR; };
		04D23DD427D54A100019B13C /* AppDelegate.swift */ = {isa = PBXFileReference; lastKnownFileType = sourcecode.swift; path = AppDelegate.swift; sourceTree = "<group>"; };
		04D23DD627D54A100019B13C /* SceneDelegate.swift */ = {isa = PBXFileReference; lastKnownFileType = sourcecode.swift; path = SceneDelegate.swift; sourceTree = "<group>"; };
		04D23DD827D54A100019B13C /* ViewController.swift */ = {isa = PBXFileReference; lastKnownFileType = sourcecode.swift; path = ViewController.swift; sourceTree = "<group>"; };
		04D23DDB27D54A100019B13C /* Base */ = {isa = PBXFileReference; lastKnownFileType = file.storyboard; name = Base; path = Base.lproj/Main.storyboard; sourceTree = "<group>"; };
		04D23DDD27D54A110019B13C /* Assets.xcassets */ = {isa = PBXFileReference; lastKnownFileType = folder.assetcatalog; path = Assets.xcassets; sourceTree = "<group>"; };
		04D23DE027D54A110019B13C /* Base */ = {isa = PBXFileReference; lastKnownFileType = file.storyboard; name = Base; path = Base.lproj/LaunchScreen.storyboard; sourceTree = "<group>"; };
		04D23DE227D54A110019B13C /* Info.plist */ = {isa = PBXFileReference; lastKnownFileType = text.plist.xml; path = Info.plist; sourceTree = "<group>"; };
		04D23DE727D54A120019B13C /* Quotes-MakerTests.xctest */ = {isa = PBXFileReference; explicitFileType = wrapper.cfbundle; includeInIndex = 0; path = "Quotes-MakerTests.xctest"; sourceTree = BUILT_PRODUCTS_DIR; };
		04D23DEB27D54A120019B13C /* Quotes_MakerTests.swift */ = {isa = PBXFileReference; lastKnownFileType = sourcecode.swift; path = Quotes_MakerTests.swift; sourceTree = "<group>"; };
		04D23DF127D54A120019B13C /* Quotes-MakerUITests.xctest */ = {isa = PBXFileReference; explicitFileType = wrapper.cfbundle; includeInIndex = 0; path = "Quotes-MakerUITests.xctest"; sourceTree = BUILT_PRODUCTS_DIR; };
		04D23DF527D54A120019B13C /* Quotes_MakerUITests.swift */ = {isa = PBXFileReference; lastKnownFileType = sourcecode.swift; path = Quotes_MakerUITests.swift; sourceTree = "<group>"; };
		04D23DF727D54A120019B13C /* Quotes_MakerUITestsLaunchTests.swift */ = {isa = PBXFileReference; lastKnownFileType = sourcecode.swift; path = Quotes_MakerUITestsLaunchTests.swift; sourceTree = "<group>"; };
		04D23E0427D9F7300019B13C /* Quotes.swift */ = {isa = PBXFileReference; lastKnownFileType = sourcecode.swift; path = Quotes.swift; sourceTree = "<group>"; };
/* End PBXFileReference section */

/* Begin PBXFrameworksBuildPhase section */
		04D23DCE27D54A100019B13C /* Frameworks */ = {
			isa = PBXFrameworksBuildPhase;
			buildActionMask = 2147483647;
			files = (
			);
			runOnlyForDeploymentPostprocessing = 0;
		};
		04D23DE427D54A120019B13C /* Frameworks */ = {
			isa = PBXFrameworksBuildPhase;
			buildActionMask = 2147483647;
			files = (
			);
			runOnlyForDeploymentPostprocessing = 0;
		};
		04D23DEE27D54A120019B13C /* Frameworks */ = {
			isa = PBXFrameworksBuildPhase;
			buildActionMask = 2147483647;
			files = (
			);
			runOnlyForDeploymentPostprocessing = 0;
		};
/* End PBXFrameworksBuildPhase section */

/* Begin PBXGroup section */
		04D23DC827D54A100019B13C = {
			isa = PBXGroup;
			children = (
				04D23DD327D54A100019B13C /* Quotes-Maker */,
				04D23DEA27D54A120019B13C /* Quotes-MakerTests */,
				04D23DF427D54A120019B13C /* Quotes-MakerUITests */,
				04D23DD227D54A100019B13C /* Products */,
			);
			sourceTree = "<group>";
		};
		04D23DD227D54A100019B13C /* Products */ = {
			isa = PBXGroup;
			children = (
				04D23DD127D54A100019B13C /* Quotes-Maker.app */,
				04D23DE727D54A120019B13C /* Quotes-MakerTests.xctest */,
				04D23DF127D54A120019B13C /* Quotes-MakerUITests.xctest */,
			);
			name = Products;
			sourceTree = "<group>";
		};
		04D23DD327D54A100019B13C /* Quotes-Maker */ = {
			isa = PBXGroup;
			children = (
				04D23DD427D54A100019B13C /* AppDelegate.swift */,
				04D23DD627D54A100019B13C /* SceneDelegate.swift */,
				04D23DD827D54A100019B13C /* ViewController.swift */,
				04D23E0427D9F7300019B13C /* Quotes.swift */,
				04D23DDA27D54A100019B13C /* Main.storyboard */,
				04D23DDD27D54A110019B13C /* Assets.xcassets */,
				04D23DDF27D54A110019B13C /* LaunchScreen.storyboard */,
				04D23DE227D54A110019B13C /* Info.plist */,
			);
			path = "Quotes-Maker";
			sourceTree = "<group>";
		};
		04D23DEA27D54A120019B13C /* Quotes-MakerTests */ = {
			isa = PBXGroup;
			children = (
				04D23DEB27D54A120019B13C /* Quotes_MakerTests.swift */,
			);
			path = "Quotes-MakerTests";
			sourceTree = "<group>";
		};
		04D23DF427D54A120019B13C /* Quotes-MakerUITests */ = {
			isa = PBXGroup;
			children = (
				04D23DF527D54A120019B13C /* Quotes_MakerUITests.swift */,
				04D23DF727D54A120019B13C /* Quotes_MakerUITestsLaunchTests.swift */,
			);
			path = "Quotes-MakerUITests";
			sourceTree = "<group>";
		};
/* End PBXGroup section */

/* Begin PBXNativeTarget section */
		04D23DD027D54A100019B13C /* Quotes-Maker */ = {
			isa = PBXNativeTarget;
			buildConfigurationList = 04D23DFB27D54A120019B13C /* Build configuration list for PBXNativeTarget "Quotes-Maker" */;
			buildPhases = (
				04D23DCD27D54A100019B13C /* Sources */,
				04D23DCE27D54A100019B13C /* Frameworks */,
				04D23DCF27D54A100019B13C /* Resources */,
			);
			buildRules = (
			);
			dependencies = (
			);
			name = "Quotes-Maker";
			productName = "Quotes-Maker";
			productReference = 04D23DD127D54A100019B13C /* Quotes-Maker.app */;
			productType = "com.apple.product-type.application";
		};
		04D23DE627D54A120019B13C /* Quotes-MakerTests */ = {
			isa = PBXNativeTarget;
			buildConfigurationList = 04D23DFE27D54A120019B13C /* Build configuration list for PBXNativeTarget "Quotes-MakerTests" */;
			buildPhases = (
				04D23DE327D54A120019B13C /* Sources */,
				04D23DE427D54A120019B13C /* Frameworks */,
				04D23DE527D54A120019B13C /* Resources */,
			);
			buildRules = (
			);
			dependencies = (
				04D23DE927D54A120019B13C /* PBXTargetDependency */,
			);
			name = "Quotes-MakerTests";
			productName = "Quotes-MakerTests";
			productReference = 04D23DE727D54A120019B13C /* Quotes-MakerTests.xctest */;
			productType = "com.apple.product-type.bundle.unit-test";
		};
		04D23DF027D54A120019B13C /* Quotes-MakerUITests */ = {
			isa = PBXNativeTarget;
			buildConfigurationList = 04D23E0127D54A120019B13C /* Build configuration list for PBXNativeTarget "Quotes-MakerUITests" */;
			buildPhases = (
				04D23DED27D54A120019B13C /* Sources */,
				04D23DEE27D54A120019B13C /* Frameworks */,
				04D23DEF27D54A120019B13C /* Resources */,
			);
			buildRules = (
			);
			dependencies = (
				04D23DF327D54A120019B13C /* PBXTargetDependency */,
			);
			name = "Quotes-MakerUITests";
			productName = "Quotes-MakerUITests";
			productReference = 04D23DF127D54A120019B13C /* Quotes-MakerUITests.xctest */;
			productType = "com.apple.product-type.bundle.ui-testing";
		};
/* End PBXNativeTarget section */

/* Begin PBXProject section */
		04D23DC927D54A100019B13C /* Project object */ = {
			isa = PBXProject;
			attributes = {
				BuildIndependentTargetsInParallel = 1;
				LastSwiftUpdateCheck = 1320;
				LastUpgradeCheck = 1320;
				TargetAttributes = {
					04D23DD027D54A100019B13C = {
						CreatedOnToolsVersion = 13.2.1;
					};
					04D23DE627D54A120019B13C = {
						CreatedOnToolsVersion = 13.2.1;
						TestTargetID = 04D23DD027D54A100019B13C;
					};
					04D23DF027D54A120019B13C = {
						CreatedOnToolsVersion = 13.2.1;
						TestTargetID = 04D23DD027D54A100019B13C;
					};
				};
			};
			buildConfigurationList = 04D23DCC27D54A100019B13C /* Build configuration list for PBXProject "Quotes-Maker" */;
			compatibilityVersion = "Xcode 13.0";
			developmentRegion = en;
			hasScannedForEncodings = 0;
			knownRegions = (
				en,
				Base,
			);
			mainGroup = 04D23DC827D54A100019B13C;
			productRefGroup = 04D23DD227D54A100019B13C /* Products */;
			projectDirPath = "";
			projectRoot = "";
			targets = (
				04D23DD027D54A100019B13C /* Quotes-Maker */,
				04D23DE627D54A120019B13C /* Quotes-MakerTests */,
				04D23DF027D54A120019B13C /* Quotes-MakerUITests */,
			);
		};
/* End PBXProject section */

/* Begin PBXResourcesBuildPhase section */
		04D23DCF27D54A100019B13C /* Resources */ = {
			isa = PBXResourcesBuildPhase;
			buildActionMask = 2147483647;
			files = (
				04D23DE127D54A110019B13C /* LaunchScreen.storyboard in Resources */,
				04D23DDE27D54A110019B13C /* Assets.xcassets in Resources */,
				04D23DDC27D54A100019B13C /* Main.storyboard in Resources */,
			);
			runOnlyForDeploymentPostprocessing = 0;
		};
		04D23DE527D54A120019B13C /* Resources */ = {
			isa = PBXResourcesBuildPhase;
			buildActionMask = 2147483647;
			files = (
			);
			runOnlyForDeploymentPostprocessing = 0;
		};
		04D23DEF27D54A120019B13C /* Resources */ = {
			isa = PBXResourcesBuildPhase;
			buildActionMask = 2147483647;
			files = (
			);
			runOnlyForDeploymentPostprocessing = 0;
		};
/* End PBXResourcesBuildPhase section */

/* Begin PBXSourcesBuildPhase section */
		04D23DCD27D54A100019B13C /* Sources */ = {
			isa = PBXSourcesBuildPhase;
			buildActionMask = 2147483647;
			files = (
				04D23E0527D9F7300019B13C /* Quotes.swift in Sources */,
				04D23DD927D54A100019B13C /* ViewController.swift in Sources */,
				04D23DD527D54A100019B13C /* AppDelegate.swift in Sources */,
				04D23DD727D54A100019B13C /* SceneDelegate.swift in Sources */,
			);
			runOnlyForDeploymentPostprocessing = 0;
		};
		04D23DE327D54A120019B13C /* Sources */ = {
			isa = PBXSourcesBuildPhase;
			buildActionMask = 2147483647;
			files = (
				04D23DEC27D54A120019B13C /* Quotes_MakerTests.swift in Sources */,
			);
			runOnlyForDeploymentPostprocessing = 0;
		};
		04D23DED27D54A120019B13C /* Sources */ = {
			isa = PBXSourcesBuildPhase;
			buildActionMask = 2147483647;
			files = (
				04D23DF827D54A120019B13C /* Quotes_MakerUITestsLaunchTests.swift in Sources */,
				04D23DF627D54A120019B13C /* Quotes_MakerUITests.swift in Sources */,
			);
			runOnlyForDeploymentPostprocessing = 0;
		};
/* End PBXSourcesBuildPhase section */

/* Begin PBXTargetDependency section */
		04D23DE927D54A120019B13C /* PBXTargetDependency */ = {
			isa = PBXTargetDependency;
			target = 04D23DD027D54A100019B13C /* Quotes-Maker */;
			targetProxy = 04D23DE827D54A120019B13C /* PBXContainerItemProxy */;
		};
		04D23DF327D54A120019B13C /* PBXTargetDependency */ = {
			isa = PBXTargetDependency;
			target = 04D23DD027D54A100019B13C /* Quotes-Maker */;
			targetProxy = 04D23DF227D54A120019B13C /* PBXContainerItemProxy */;
		};
/* End PBXTargetDependency section */

/* Begin PBXVariantGroup section */
		04D23DDA27D54A100019B13C /* Main.storyboard */ = {
			isa = PBXVariantGroup;
			children = (
				04D23DDB27D54A100019B13C /* Base */,
			);
			name = Main.storyboard;
			sourceTree = "<group>";
		};
		04D23DDF27D54A110019B13C /* LaunchScreen.storyboard */ = {
			isa = PBXVariantGroup;
			children = (
				04D23DE027D54A110019B13C /* Base */,
			);
			name = LaunchScreen.storyboard;
			sourceTree = "<group>";
		};
/* End PBXVariantGroup section */

/* Begin XCBuildConfiguration section */
		04D23DF927D54A120019B13C /* Debug */ = {
			isa = XCBuildConfiguration;
			buildSettings = {
				ALWAYS_SEARCH_USER_PATHS = NO;
				CLANG_ANALYZER_NONNULL = YES;
				CLANG_ANALYZER_NUMBER_OBJECT_CONVERSION = YES_AGGRESSIVE;
				CLANG_CXX_LANGUAGE_STANDARD = "gnu++17";
				CLANG_CXX_LIBRARY = "libc++";
				CLANG_ENABLE_MODULES = YES;
				CLANG_ENABLE_OBJC_ARC = YES;
				CLANG_ENABLE_OBJC_WEAK = YES;
				CLANG_WARN_BLOCK_CAPTURE_AUTORELEASING = YES;
				CLANG_WARN_BOOL_CONVERSION = YES;
				CLANG_WARN_COMMA = YES;
				CLANG_WARN_CONSTANT_CONVERSION = YES;
				CLANG_WARN_DEPRECATED_OBJC_IMPLEMENTATIONS = YES;
				CLANG_WARN_DIRECT_OBJC_ISA_USAGE = YES_ERROR;
				CLANG_WARN_DOCUMENTATION_COMMENTS = YES;
				CLANG_WARN_EMPTY_BODY = YES;
				CLANG_WARN_ENUM_CONVERSION = YES;
				CLANG_WARN_INFINITE_RECURSION = YES;
				CLANG_WARN_INT_CONVERSION = YES;
				CLANG_WARN_NON_LITERAL_NULL_CONVERSION = YES;
				CLANG_WARN_OBJC_IMPLICIT_RETAIN_SELF = YES;
				CLANG_WARN_OBJC_LITERAL_CONVERSION = YES;
				CLANG_WARN_OBJC_ROOT_CLASS = YES_ERROR;
				CLANG_WARN_QUOTED_INCLUDE_IN_FRAMEWORK_HEADER = YES;
				CLANG_WARN_RANGE_LOOP_ANALYSIS = YES;
				CLANG_WARN_STRICT_PROTOTYPES = YES;
				CLANG_WARN_SUSPICIOUS_MOVE = YES;
				CLANG_WARN_UNGUARDED_AVAILABILITY = YES_AGGRESSIVE;
				CLANG_WARN_UNREACHABLE_CODE = YES;
				CLANG_WARN__DUPLICATE_METHOD_MATCH = YES;
				COPY_PHASE_STRIP = NO;
				DEBUG_INFORMATION_FORMAT = dwarf;
				ENABLE_STRICT_OBJC_MSGSEND = YES;
				ENABLE_TESTABILITY = YES;
				GCC_C_LANGUAGE_STANDARD = gnu11;
				GCC_DYNAMIC_NO_PIC = NO;
				GCC_NO_COMMON_BLOCKS = YES;
				GCC_OPTIMIZATION_LEVEL = 0;
				GCC_PREPROCESSOR_DEFINITIONS = (
					"DEBUG=1",
					"$(inherited)",
				);
				GCC_WARN_64_TO_32_BIT_CONVERSION = YES;
				GCC_WARN_ABOUT_RETURN_TYPE = YES_ERROR;
				GCC_WARN_UNDECLARED_SELECTOR = YES;
				GCC_WARN_UNINITIALIZED_AUTOS = YES_AGGRESSIVE;
				GCC_WARN_UNUSED_FUNCTION = YES;
				GCC_WARN_UNUSED_VARIABLE = YES;
				IPHONEOS_DEPLOYMENT_TARGET = 15.2;
				MTL_ENABLE_DEBUG_INFO = INCLUDE_SOURCE;
				MTL_FAST_MATH = YES;
				ONLY_ACTIVE_ARCH = YES;
				SDKROOT = iphoneos;
				SWIFT_ACTIVE_COMPILATION_CONDITIONS = DEBUG;
				SWIFT_OPTIMIZATION_LEVEL = "-Onone";
			};
			name = Debug;
		};
		04D23DFA27D54A120019B13C /* Release */ = {
			isa = XCBuildConfiguration;
			buildSettings = {
				ALWAYS_SEARCH_USER_PATHS = NO;
				CLANG_ANALYZER_NONNULL = YES;
				CLANG_ANALYZER_NUMBER_OBJECT_CONVERSION = YES_AGGRESSIVE;
				CLANG_CXX_LANGUAGE_STANDARD = "gnu++17";
				CLANG_CXX_LIBRARY = "libc++";
				CLANG_ENABLE_MODULES = YES;
				CLANG_ENABLE_OBJC_ARC = YES;
				CLANG_ENABLE_OBJC_WEAK = YES;
				CLANG_WARN_BLOCK_CAPTURE_AUTORELEASING = YES;
				CLANG_WARN_BOOL_CONVERSION = YES;
				CLANG_WARN_COMMA = YES;
				CLANG_WARN_CONSTANT_CONVERSION = YES;
				CLANG_WARN_DEPRECATED_OBJC_IMPLEMENTATIONS = YES;
				CLANG_WARN_DIRECT_OBJC_ISA_USAGE = YES_ERROR;
				CLANG_WARN_DOCUMENTATION_COMMENTS = YES;
				CLANG_WARN_EMPTY_BODY = YES;
				CLANG_WARN_ENUM_CONVERSION = YES;
				CLANG_WARN_INFINITE_RECURSION = YES;
				CLANG_WARN_INT_CONVERSION = YES;
				CLANG_WARN_NON_LITERAL_NULL_CONVERSION = YES;
				CLANG_WARN_OBJC_IMPLICIT_RETAIN_SELF = YES;
				CLANG_WARN_OBJC_LITERAL_CONVERSION = YES;
				CLANG_WARN_OBJC_ROOT_CLASS = YES_ERROR;
				CLANG_WARN_QUOTED_INCLUDE_IN_FRAMEWORK_HEADER = YES;
				CLANG_WARN_RANGE_LOOP_ANALYSIS = YES;
				CLANG_WARN_STRICT_PROTOTYPES = YES;
				CLANG_WARN_SUSPICIOUS_MOVE = YES;
				CLANG_WARN_UNGUARDED_AVAILABILITY = YES_AGGRESSIVE;
				CLANG_WARN_UNREACHABLE_CODE = YES;
				CLANG_WARN__DUPLICATE_METHOD_MATCH = YES;
				COPY_PHASE_STRIP = NO;
				DEBUG_INFORMATION_FORMAT = "dwarf-with-dsym";
				ENABLE_NS_ASSERTIONS = NO;
				ENABLE_STRICT_OBJC_MSGSEND = YES;
				GCC_C_LANGUAGE_STANDARD = gnu11;
				GCC_NO_COMMON_BLOCKS = YES;
				GCC_WARN_64_TO_32_BIT_CONVERSION = YES;
				GCC_WARN_ABOUT_RETURN_TYPE = YES_ERROR;
				GCC_WARN_UNDECLARED_SELECTOR = YES;
				GCC_WARN_UNINITIALIZED_AUTOS = YES_AGGRESSIVE;
				GCC_WARN_UNUSED_FUNCTION = YES;
				GCC_WARN_UNUSED_VARIABLE = YES;
				IPHONEOS_DEPLOYMENT_TARGET = 15.2;
				MTL_ENABLE_DEBUG_INFO = NO;
				MTL_FAST_MATH = YES;
				SDKROOT = iphoneos;
				SWIFT_COMPILATION_MODE = wholemodule;
				SWIFT_OPTIMIZATION_LEVEL = "-O";
				VALIDATE_PRODUCT = YES;
			};
			name = Release;
		};
		04D23DFC27D54A120019B13C /* Debug */ = {
			isa = XCBuildConfiguration;
			buildSettings = {
				ASSETCATALOG_COMPILER_APPICON_NAME = AppIcon;
				ASSETCATALOG_COMPILER_GLOBAL_ACCENT_COLOR_NAME = AccentColor;
				CODE_SIGN_STYLE = Automatic;
				CURRENT_PROJECT_VERSION = 1;
				DEVELOPMENT_TEAM = 75QD4ZR23L;
				GENERATE_INFOPLIST_FILE = YES;
				INFOPLIST_FILE = "Quotes-Maker/Info.plist";
				INFOPLIST_KEY_UIApplicationSupportsIndirectInputEvents = YES;
				INFOPLIST_KEY_UILaunchStoryboardName = LaunchScreen;
				INFOPLIST_KEY_UIMainStoryboardFile = Main;
				INFOPLIST_KEY_UISupportedInterfaceOrientations_iPad = "UIInterfaceOrientationPortrait UIInterfaceOrientationPortraitUpsideDown UIInterfaceOrientationLandscapeLeft UIInterfaceOrientationLandscapeRight";
				INFOPLIST_KEY_UISupportedInterfaceOrientations_iPhone = "UIInterfaceOrientationPortrait UIInterfaceOrientationLandscapeLeft UIInterfaceOrientationLandscapeRight";
				LD_RUNPATH_SEARCH_PATHS = (
					"$(inherited)",
					"@executable_path/Frameworks",
				);
				MARKETING_VERSION = 1.0;
				PRODUCT_BUNDLE_IDENTIFIER = "com.ssac.Quotes-Maker";
				PRODUCT_NAME = "$(TARGET_NAME)";
				SWIFT_EMIT_LOC_STRINGS = YES;
				SWIFT_VERSION = 5.0;
				TARGETED_DEVICE_FAMILY = "1,2";
			};
			name = Debug;
		};
		04D23DFD27D54A120019B13C /* Release */ = {
			isa = XCBuildConfiguration;
			buildSettings = {
				ASSETCATALOG_COMPILER_APPICON_NAME = AppIcon;
				ASSETCATALOG_COMPILER_GLOBAL_ACCENT_COLOR_NAME = AccentColor;
				CODE_SIGN_STYLE = Automatic;
				CURRENT_PROJECT_VERSION = 1;
				DEVELOPMENT_TEAM = 75QD4ZR23L;
				GENERATE_INFOPLIST_FILE = YES;
				INFOPLIST_FILE = "Quotes-Maker/Info.plist";
				INFOPLIST_KEY_UIApplicationSupportsIndirectInputEvents = YES;
				INFOPLIST_KEY_UILaunchStoryboardName = LaunchScreen;
				INFOPLIST_KEY_UIMainStoryboardFile = Main;
				INFOPLIST_KEY_UISupportedInterfaceOrientations_iPad = "UIInterfaceOrientationPortrait UIInterfaceOrientationPortraitUpsideDown UIInterfaceOrientationLandscapeLeft UIInterfaceOrientationLandscapeRight";
				INFOPLIST_KEY_UISupportedInterfaceOrientations_iPhone = "UIInterfaceOrientationPortrait UIInterfaceOrientationLandscapeLeft UIInterfaceOrientationLandscapeRight";
				LD_RUNPATH_SEARCH_PATHS = (
					"$(inherited)",
					"@executable_path/Frameworks",
				);
				MARKETING_VERSION = 1.0;
				PRODUCT_BUNDLE_IDENTIFIER = "com.ssac.Quotes-Maker";
				PRODUCT_NAME = "$(TARGET_NAME)";
				SWIFT_EMIT_LOC_STRINGS = YES;
				SWIFT_VERSION = 5.0;
				TARGETED_DEVICE_FAMILY = "1,2";
			};
			name = Release;
		};
		04D23DFF27D54A120019B13C /* Debug */ = {
			isa = XCBuildConfiguration;
			buildSettings = {
				ALWAYS_EMBED_SWIFT_STANDARD_LIBRARIES = YES;
				BUNDLE_LOADER = "$(TEST_HOST)";
				CODE_SIGN_STYLE = Automatic;
				CURRENT_PROJECT_VERSION = 1;
				DEVELOPMENT_TEAM = 75QD4ZR23L;
				GENERATE_INFOPLIST_FILE = YES;
				IPHONEOS_DEPLOYMENT_TARGET = 15.2;
				MARKETING_VERSION = 1.0;
				PRODUCT_BUNDLE_IDENTIFIER = "com.ssac.Quotes-MakerTests";
				PRODUCT_NAME = "$(TARGET_NAME)";
				SWIFT_EMIT_LOC_STRINGS = NO;
				SWIFT_VERSION = 5.0;
				TARGETED_DEVICE_FAMILY = "1,2";
				TEST_HOST = "$(BUILT_PRODUCTS_DIR)/Quotes-Maker.app/Quotes-Maker";
			};
			name = Debug;
		};
		04D23E0027D54A120019B13C /* Release */ = {
			isa = XCBuildConfiguration;
			buildSettings = {
				ALWAYS_EMBED_SWIFT_STANDARD_LIBRARIES = YES;
				BUNDLE_LOADER = "$(TEST_HOST)";
				CODE_SIGN_STYLE = Automatic;
				CURRENT_PROJECT_VERSION = 1;
				DEVELOPMENT_TEAM = 75QD4ZR23L;
				GENERATE_INFOPLIST_FILE = YES;
				IPHONEOS_DEPLOYMENT_TARGET = 15.2;
				MARKETING_VERSION = 1.0;
				PRODUCT_BUNDLE_IDENTIFIER = "com.ssac.Quotes-MakerTests";
				PRODUCT_NAME = "$(TARGET_NAME)";
				SWIFT_EMIT_LOC_STRINGS = NO;
				SWIFT_VERSION = 5.0;
				TARGETED_DEVICE_FAMILY = "1,2";
				TEST_HOST = "$(BUILT_PRODUCTS_DIR)/Quotes-Maker.app/Quotes-Maker";
			};
			name = Release;
		};
		04D23E0227D54A120019B13C /* Debug */ = {
			isa = XCBuildConfiguration;
			buildSettings = {
				ALWAYS_EMBED_SWIFT_STANDARD_LIBRARIES = YES;
				CODE_SIGN_STYLE = Automatic;
				CURRENT_PROJECT_VERSION = 1;
				DEVELOPMENT_TEAM = 75QD4ZR23L;
				GENERATE_INFOPLIST_FILE = YES;
				MARKETING_VERSION = 1.0;
				PRODUCT_BUNDLE_IDENTIFIER = "com.ssac.Quotes-MakerUITests";
				PRODUCT_NAME = "$(TARGET_NAME)";
				SWIFT_EMIT_LOC_STRINGS = NO;
				SWIFT_VERSION = 5.0;
				TARGETED_DEVICE_FAMILY = "1,2";
				TEST_TARGET_NAME = "Quotes-Maker";
			};
			name = Debug;
		};
		04D23E0327D54A120019B13C /* Release */ = {
			isa = XCBuildConfiguration;
			buildSettings = {
				ALWAYS_EMBED_SWIFT_STANDARD_LIBRARIES = YES;
				CODE_SIGN_STYLE = Automatic;
				CURRENT_PROJECT_VERSION = 1;
				DEVELOPMENT_TEAM = 75QD4ZR23L;
				GENERATE_INFOPLIST_FILE = YES;
				MARKETING_VERSION = 1.0;
				PRODUCT_BUNDLE_IDENTIFIER = "com.ssac.Quotes-MakerUITests";
				PRODUCT_NAME = "$(TARGET_NAME)";
				SWIFT_EMIT_LOC_STRINGS = NO;
				SWIFT_VERSION = 5.0;
				TARGETED_DEVICE_FAMILY = "1,2";
				TEST_TARGET_NAME = "Quotes-Maker";
			};
			name = Release;
		};
/* End XCBuildConfiguration section */

/* Begin XCConfigurationList section */
		04D23DCC27D54A100019B13C /* Build configuration list for PBXProject "Quotes-Maker" */ = {
			isa = XCConfigurationList;
			buildConfigurations = (
				04D23DF927D54A120019B13C /* Debug */,
				04D23DFA27D54A120019B13C /* Release */,
			);
			defaultConfigurationIsVisible = 0;
			defaultConfigurationName = Release;
		};
		04D23DFB27D54A120019B13C /* Build configuration list for PBXNativeTarget "Quotes-Maker" */ = {
			isa = XCConfigurationList;
			buildConfigurations = (
				04D23DFC27D54A120019B13C /* Debug */,
				04D23DFD27D54A120019B13C /* Release */,
			);
			defaultConfigurationIsVisible = 0;
			defaultConfigurationName = Release;
		};
		04D23DFE27D54A120019B13C /* Build configuration list for PBXNativeTarget "Quotes-MakerTests" */ = {
			isa = XCConfigurationList;
			buildConfigurations = (
				04D23DFF27D54A120019B13C /* Debug */,
				04D23E0027D54A120019B13C /* Release */,
			);
			defaultConfigurationIsVisible = 0;
			defaultConfigurationName = Release;
		};
		04D23E0127D54A120019B13C /* Build configuration list for PBXNativeTarget "Quotes-MakerUITests" */ = {
			isa = XCConfigurationList;
			buildConfigurations = (
				04D23E0227D54A120019B13C /* Debug */,
				04D23E0327D54A120019B13C /* Release */,
			);
			defaultConfigurationIsVisible = 0;
			defaultConfigurationName = Release;
		};
/* End XCConfigurationList section */
	};
	rootObject = 04D23DC927D54A100019B13C /* Project object */;
}
